// !$*UTF8*$!
{
	archiveVersion = 1;
	classes = {
	};
	objectVersion = 45;
	objects = {

/* Begin PBXBuildFile section */
		1DDD58160DA1D0A300B32029 /* MainMenu.xib in Resources */ = {isa = PBXBuildFile; fileRef = 1DDD58140DA1D0A300B32029 /* MainMenu.xib */; };
		2708D3350FDF2F9700E45182 /* Security.framework in Frameworks */ = {isa = PBXBuildFile; fileRef = 2708D3340FDF2F9700E45182 /* Security.framework */; };
		275730730FD9887000B7ECE5 /* edge.c in Sources */ = {isa = PBXBuildFile; fileRef = 275730690FD9887000B7ECE5 /* edge.c */; };
		275730740FD9887000B7ECE5 /* minilzo.c in Sources */ = {isa = PBXBuildFile; fileRef = 2757306A0FD9887000B7ECE5 /* minilzo.c */; };
		275730750FD9887000B7ECE5 /* n2n.c in Sources */ = {isa = PBXBuildFile; fileRef = 2757306B0FD9887000B7ECE5 /* n2n.c */; };
		2757307A0FD9887000B7ECE5 /* twofish.c in Sources */ = {isa = PBXBuildFile; fileRef = 275730700FD9887000B7ECE5 /* twofish.c */; };
		2757307B0FD9887000B7ECE5 /* version.c in Sources */ = {isa = PBXBuildFile; fileRef = 275730710FD9887000B7ECE5 /* version.c */; };
		275730930FD98CDB00B7ECE5 /* Defaults.plist in Resources */ = {isa = PBXBuildFile; fileRef = 275730920FD98CDB00B7ECE5 /* Defaults.plist */; };
		275730980FD991A800B7ECE5 /* AppController.m in Sources */ = {isa = PBXBuildFile; fileRef = 275730970FD991A800B7ECE5 /* AppController.m */; };
		275730AE0FD99B8A00B7ECE5 /* N2NThread.m in Sources */ = {isa = PBXBuildFile; fileRef = 275730AD0FD99B8A00B7ECE5 /* N2NThread.m */; };
		27D18873107C988C001F2B3F /* TunHelper in Resources */ = {isa = PBXBuildFile; fileRef = 27D1886D107C9870001F2B3F /* TunHelper */; };
		27D18878107C98A2001F2B3F /* TunHelper.m in Sources */ = {isa = PBXBuildFile; fileRef = 27D18865107C9864001F2B3F /* TunHelper.m */; };
		27FE862010849751007D8121 /* tuntap_osx_app.m in Sources */ = {isa = PBXBuildFile; fileRef = 27FE861F10849751007D8121 /* tuntap_osx_app.m */; };
		8D11072B0486CEB800E47090 /* InfoPlist.strings in Resources */ = {isa = PBXBuildFile; fileRef = 089C165CFE840E0CC02AAC07 /* InfoPlist.strings */; };
		8D11072D0486CEB800E47090 /* main.m in Sources */ = {isa = PBXBuildFile; fileRef = 29B97316FDCFA39411CA2CEA /* main.m */; settings = {ATTRIBUTES = (); }; };
		8D11072F0486CEB800E47090 /* Cocoa.framework in Frameworks */ = {isa = PBXBuildFile; fileRef = 1058C7A1FEA54F0111CA2CBB /* Cocoa.framework */; };
/* End PBXBuildFile section */

/* Begin PBXContainerItemProxy section */
		27D18874107C9895001F2B3F /* PBXContainerItemProxy */ = {
			isa = PBXContainerItemProxy;
			containerPortal = 29B97313FDCFA39411CA2CEA /* Project object */;
			proxyType = 1;
			remoteGlobalIDString = 27D1886C107C9870001F2B3F;
			remoteInfo = TunHelper;
		};
/* End PBXContainerItemProxy section */

/* Begin PBXFileReference section */
		089C165DFE840E0CC02AAC07 /* English */ = {isa = PBXFileReference; fileEncoding = 10; lastKnownFileType = text.plist.strings; name = English; path = English.lproj/InfoPlist.strings; sourceTree = "<group>"; };
		1058C7A1FEA54F0111CA2CBB /* Cocoa.framework */ = {isa = PBXFileReference; lastKnownFileType = wrapper.framework; name = Cocoa.framework; path = /System/Library/Frameworks/Cocoa.framework; sourceTree = "<absolute>"; };
		13E42FB307B3F0F600E4EEF1 /* CoreData.framework */ = {isa = PBXFileReference; lastKnownFileType = wrapper.framework; name = CoreData.framework; path = /System/Library/Frameworks/CoreData.framework; sourceTree = "<absolute>"; };
		1DDD58150DA1D0A300B32029 /* English */ = {isa = PBXFileReference; lastKnownFileType = file.xib; name = English; path = English.lproj/MainMenu.xib; sourceTree = "<group>"; };
		2708D3340FDF2F9700E45182 /* Security.framework */ = {isa = PBXFileReference; lastKnownFileType = wrapper.framework; name = Security.framework; path = System/Library/Frameworks/Security.framework; sourceTree = SDKROOT; };
		275730690FD9887000B7ECE5 /* edge.c */ = {isa = PBXFileReference; fileEncoding = 4; lastKnownFileType = sourcecode.c.c; name = edge.c; path = ../edge.c; sourceTree = SOURCE_ROOT; };
		2757306A0FD9887000B7ECE5 /* minilzo.c */ = {isa = PBXFileReference; fileEncoding = 4; lastKnownFileType = sourcecode.c.c; name = minilzo.c; path = ../minilzo.c; sourceTree = SOURCE_ROOT; };
		2757306B0FD9887000B7ECE5 /* n2n.c */ = {isa = PBXFileReference; fileEncoding = 4; lastKnownFileType = sourcecode.c.c; name = n2n.c; path = ../n2n.c; sourceTree = SOURCE_ROOT; };
		275730700FD9887000B7ECE5 /* twofish.c */ = {isa = PBXFileReference; fileEncoding = 4; lastKnownFileType = sourcecode.c.c; name = twofish.c; path = ../twofish.c; sourceTree = SOURCE_ROOT; };
		275730710FD9887000B7ECE5 /* version.c */ = {isa = PBXFileReference; fileEncoding = 4; lastKnownFileType = sourcecode.c.c; name = version.c; path = ../version.c; sourceTree = SOURCE_ROOT; };
		275730920FD98CDB00B7ECE5 /* Defaults.plist */ = {isa = PBXFileReference; fileEncoding = 4; lastKnownFileType = text.plist.xml; path = Defaults.plist; sourceTree = "<group>"; };
		275730960FD991A800B7ECE5 /* AppController.h */ = {isa = PBXFileReference; fileEncoding = 4; lastKnownFileType = sourcecode.c.h; path = AppController.h; sourceTree = "<group>"; };
		275730970FD991A800B7ECE5 /* AppController.m */ = {isa = PBXFileReference; fileEncoding = 4; lastKnownFileType = sourcecode.c.objc; path = AppController.m; sourceTree = "<group>"; };
		275730AC0FD99B8A00B7ECE5 /* N2NThread.h */ = {isa = PBXFileReference; fileEncoding = 4; lastKnownFileType = sourcecode.c.h; path = N2NThread.h; sourceTree = "<group>"; };
		275730AD0FD99B8A00B7ECE5 /* N2NThread.m */ = {isa = PBXFileReference; fileEncoding = 4; lastKnownFileType = sourcecode.c.objc; path = N2NThread.m; sourceTree = "<group>"; };
		27D18865107C9864001F2B3F /* TunHelper.m */ = {isa = PBXFileReference; fileEncoding = 4; lastKnownFileType = sourcecode.c.objc; path = TunHelper.m; sourceTree = "<group>"; };
		27D1886D107C9870001F2B3F /* TunHelper */ = {isa = PBXFileReference; explicitFileType = "compiled.mach-o.executable"; includeInIndex = 0; path = TunHelper; sourceTree = BUILT_PRODUCTS_DIR; };
		27FE861F10849751007D8121 /* tuntap_osx_app.m */ = {isa = PBXFileReference; fileEncoding = 4; lastKnownFileType = sourcecode.c.objc; name = tuntap_osx_app.m; path = ../tuntap_osx_app.m; sourceTree = SOURCE_ROOT; };
		29B97316FDCFA39411CA2CEA /* main.m */ = {isa = PBXFileReference; fileEncoding = 4; lastKnownFileType = sourcecode.c.objc; path = main.m; sourceTree = "<group>"; };
		29B97324FDCFA39411CA2CEA /* AppKit.framework */ = {isa = PBXFileReference; lastKnownFileType = wrapper.framework; name = AppKit.framework; path = /System/Library/Frameworks/AppKit.framework; sourceTree = "<absolute>"; };
		29B97325FDCFA39411CA2CEA /* Foundation.framework */ = {isa = PBXFileReference; lastKnownFileType = wrapper.framework; name = Foundation.framework; path = /System/Library/Frameworks/Foundation.framework; sourceTree = "<absolute>"; };
		32CA4F630368D1EE00C91783 /* n2n_Prefix.pch */ = {isa = PBXFileReference; fileEncoding = 4; lastKnownFileType = sourcecode.c.h; path = n2n_Prefix.pch; sourceTree = "<group>"; };
		8D1107310486CEB800E47090 /* Info.plist */ = {isa = PBXFileReference; fileEncoding = 4; lastKnownFileType = text.plist.xml; path = Info.plist; sourceTree = "<group>"; };
		8D1107320486CEB800E47090 /* n2n.app */ = {isa = PBXFileReference; explicitFileType = wrapper.application; includeInIndex = 0; path = n2n.app; sourceTree = BUILT_PRODUCTS_DIR; };
/* End PBXFileReference section */

/* Begin PBXFrameworksBuildPhase section */
		27D1886B107C9870001F2B3F /* Frameworks */ = {
			isa = PBXFrameworksBuildPhase;
			buildActionMask = 2147483647;
			files = (
			);
			runOnlyForDeploymentPostprocessing = 0;
		};
		8D11072E0486CEB800E47090 /* Frameworks */ = {
			isa = PBXFrameworksBuildPhase;
			buildActionMask = 2147483647;
			files = (
				8D11072F0486CEB800E47090 /* Cocoa.framework in Frameworks */,
				2708D3350FDF2F9700E45182 /* Security.framework in Frameworks */,
			);
			runOnlyForDeploymentPostprocessing = 0;
		};
/* End PBXFrameworksBuildPhase section */

/* Begin PBXGroup section */
		080E96DDFE201D6D7F000001 /* Classes */ = {
			isa = PBXGroup;
			children = (
				27D18865107C9864001F2B3F /* TunHelper.m */,
				275730960FD991A800B7ECE5 /* AppController.h */,
				275730970FD991A800B7ECE5 /* AppController.m */,
				275730AC0FD99B8A00B7ECE5 /* N2NThread.h */,
				275730AD0FD99B8A00B7ECE5 /* N2NThread.m */,
			);
			name = Classes;
			sourceTree = "<group>";
		};
		1058C7A0FEA54F0111CA2CBB /* Linked Frameworks */ = {
			isa = PBXGroup;
			children = (
				1058C7A1FEA54F0111CA2CBB /* Cocoa.framework */,
			);
			name = "Linked Frameworks";
			sourceTree = "<group>";
		};
		1058C7A2FEA54F0111CA2CBB /* Other Frameworks */ = {
			isa = PBXGroup;
			children = (
				29B97324FDCFA39411CA2CEA /* AppKit.framework */,
				13E42FB307B3F0F600E4EEF1 /* CoreData.framework */,
				29B97325FDCFA39411CA2CEA /* Foundation.framework */,
			);
			name = "Other Frameworks";
			sourceTree = "<group>";
		};
		19C28FACFE9D520D11CA2CBB /* Products */ = {
			isa = PBXGroup;
			children = (
				8D1107320486CEB800E47090 /* n2n.app */,
				27D1886D107C9870001F2B3F /* TunHelper */,
			);
			name = Products;
			sourceTree = "<group>";
		};
		275730680FD9886000B7ECE5 /* n2n */ = {
			isa = PBXGroup;
			children = (
				27FE861F10849751007D8121 /* tuntap_osx_app.m */,
				275730690FD9887000B7ECE5 /* edge.c */,
				2757306A0FD9887000B7ECE5 /* minilzo.c */,
				2757306B0FD9887000B7ECE5 /* n2n.c */,
				275730700FD9887000B7ECE5 /* twofish.c */,
				275730710FD9887000B7ECE5 /* version.c */,
			);
			name = n2n;
			sourceTree = "<group>";
		};
		29B97314FDCFA39411CA2CEA /* n2n */ = {
			isa = PBXGroup;
			children = (
				080E96DDFE201D6D7F000001 /* Classes */,
				29B97315FDCFA39411CA2CEA /* Other Sources */,
				29B97317FDCFA39411CA2CEA /* Resources */,
				29B97323FDCFA39411CA2CEA /* Frameworks */,
				19C28FACFE9D520D11CA2CBB /* Products */,
				2708D3340FDF2F9700E45182 /* Security.framework */,
			);
			name = n2n;
			sourceTree = "<group>";
		};
		29B97315FDCFA39411CA2CEA /* Other Sources */ = {
			isa = PBXGroup;
			children = (
				275730680FD9886000B7ECE5 /* n2n */,
				32CA4F630368D1EE00C91783 /* n2n_Prefix.pch */,
				29B97316FDCFA39411CA2CEA /* main.m */,
			);
			name = "Other Sources";
			sourceTree = "<group>";
		};
		29B97317FDCFA39411CA2CEA /* Resources */ = {
			isa = PBXGroup;
			children = (
				275730920FD98CDB00B7ECE5 /* Defaults.plist */,
				8D1107310486CEB800E47090 /* Info.plist */,
				089C165CFE840E0CC02AAC07 /* InfoPlist.strings */,
				1DDD58140DA1D0A300B32029 /* MainMenu.xib */,
			);
			name = Resources;
			sourceTree = "<group>";
		};
		29B97323FDCFA39411CA2CEA /* Frameworks */ = {
			isa = PBXGroup;
			children = (
				1058C7A0FEA54F0111CA2CBB /* Linked Frameworks */,
				1058C7A2FEA54F0111CA2CBB /* Other Frameworks */,
			);
			name = Frameworks;
			sourceTree = "<group>";
		};
/* End PBXGroup section */

/* Begin PBXNativeTarget section */
		27D1886C107C9870001F2B3F /* TunHelper */ = {
			isa = PBXNativeTarget;
			buildConfigurationList = 27D18885107C98B1001F2B3F /* Build configuration list for PBXNativeTarget "TunHelper" */;
			buildPhases = (
				27D1886A107C9870001F2B3F /* Sources */,
				27D1886B107C9870001F2B3F /* Frameworks */,
			);
			buildRules = (
			);
			dependencies = (
			);
			name = TunHelper;
			productName = TunHelper;
			productReference = 27D1886D107C9870001F2B3F /* TunHelper */;
			productType = "com.apple.product-type.tool";
		};
		8D1107260486CEB800E47090 /* n2n */ = {
			isa = PBXNativeTarget;
			buildConfigurationList = C01FCF4A08A954540054247B /* Build configuration list for PBXNativeTarget "n2n" */;
			buildPhases = (
				8D1107290486CEB800E47090 /* Resources */,
				8D11072C0486CEB800E47090 /* Sources */,
				8D11072E0486CEB800E47090 /* Frameworks */,
			);
			buildRules = (
			);
			dependencies = (
				27D18875107C9895001F2B3F /* PBXTargetDependency */,
			);
			name = n2n;
			productInstallPath = "$(HOME)/Applications";
			productName = n2n;
			productReference = 8D1107320486CEB800E47090 /* n2n.app */;
			productType = "com.apple.product-type.application";
		};
/* End PBXNativeTarget section */

/* Begin PBXProject section */
		29B97313FDCFA39411CA2CEA /* Project object */ = {
			isa = PBXProject;
			buildConfigurationList = C01FCF4E08A954540054247B /* Build configuration list for PBXProject "n2n" */;
			compatibilityVersion = "Xcode 3.1";
			hasScannedForEncodings = 1;
			mainGroup = 29B97314FDCFA39411CA2CEA /* n2n */;
			projectDirPath = "";
			projectRoot = "";
			targets = (
				27D1886C107C9870001F2B3F /* TunHelper */,
				8D1107260486CEB800E47090 /* n2n */,
			);
		};
/* End PBXProject section */

/* Begin PBXResourcesBuildPhase section */
		8D1107290486CEB800E47090 /* Resources */ = {
			isa = PBXResourcesBuildPhase;
			buildActionMask = 2147483647;
			files = (
				27D18873107C988C001F2B3F /* TunHelper in Resources */,
				8D11072B0486CEB800E47090 /* InfoPlist.strings in Resources */,
				1DDD58160DA1D0A300B32029 /* MainMenu.xib in Resources */,
				275730930FD98CDB00B7ECE5 /* Defaults.plist in Resources */,
			);
			runOnlyForDeploymentPostprocessing = 0;
		};
/* End PBXResourcesBuildPhase section */

/* Begin PBXSourcesBuildPhase section */
		27D1886A107C9870001F2B3F /* Sources */ = {
			isa = PBXSourcesBuildPhase;
			buildActionMask = 2147483647;
			files = (
				27D18878107C98A2001F2B3F /* TunHelper.m in Sources */,
			);
			runOnlyForDeploymentPostprocessing = 0;
		};
		8D11072C0486CEB800E47090 /* Sources */ = {
			isa = PBXSourcesBuildPhase;
			buildActionMask = 2147483647;
			files = (
				8D11072D0486CEB800E47090 /* main.m in Sources */,
				275730730FD9887000B7ECE5 /* edge.c in Sources */,
				275730740FD9887000B7ECE5 /* minilzo.c in Sources */,
				275730750FD9887000B7ECE5 /* n2n.c in Sources */,
				2757307A0FD9887000B7ECE5 /* twofish.c in Sources */,
				2757307B0FD9887000B7ECE5 /* version.c in Sources */,
				275730980FD991A800B7ECE5 /* AppController.m in Sources */,
				275730AE0FD99B8A00B7ECE5 /* N2NThread.m in Sources */,
				27FE862010849751007D8121 /* tuntap_osx_app.m in Sources */,
			);
			runOnlyForDeploymentPostprocessing = 0;
		};
/* End PBXSourcesBuildPhase section */

/* Begin PBXTargetDependency section */
		27D18875107C9895001F2B3F /* PBXTargetDependency */ = {
			isa = PBXTargetDependency;
			target = 27D1886C107C9870001F2B3F /* TunHelper */;
			targetProxy = 27D18874107C9895001F2B3F /* PBXContainerItemProxy */;
		};
/* End PBXTargetDependency section */

/* Begin PBXVariantGroup section */
		089C165CFE840E0CC02AAC07 /* InfoPlist.strings */ = {
			isa = PBXVariantGroup;
			children = (
				089C165DFE840E0CC02AAC07 /* English */,
			);
			name = InfoPlist.strings;
			sourceTree = "<group>";
		};
		1DDD58140DA1D0A300B32029 /* MainMenu.xib */ = {
			isa = PBXVariantGroup;
			children = (
				1DDD58150DA1D0A300B32029 /* English */,
			);
			name = MainMenu.xib;
			sourceTree = "<group>";
		};
/* End PBXVariantGroup section */

/* Begin XCBuildConfiguration section */
		27D1886F107C9871001F2B3F /* Debug */ = {
			isa = XCBuildConfiguration;
			buildSettings = {
				ALWAYS_SEARCH_USER_PATHS = NO;
				COPY_PHASE_STRIP = NO;
				GCC_DYNAMIC_NO_PIC = NO;
				GCC_ENABLE_FIX_AND_CONTINUE = YES;
				GCC_MODEL_TUNING = G5;
				GCC_OPTIMIZATION_LEVEL = 0;
				GCC_PRECOMPILE_PREFIX_HEADER = YES;
				GCC_PREFIX_HEADER = "$(SYSTEM_LIBRARY_DIR)/Frameworks/AppKit.framework/Headers/AppKit.h";
				INSTALL_PATH = /usr/local/bin;
				OTHER_LDFLAGS = (
					"-framework",
					Foundation,
					"-framework",
					AppKit,
				);
				PREBINDING = NO;
				PRODUCT_NAME = TunHelper;
			};
			name = Debug;
		};
		27D18870107C9871001F2B3F /* Release */ = {
			isa = XCBuildConfiguration;
			buildSettings = {
				ALWAYS_SEARCH_USER_PATHS = NO;
				COPY_PHASE_STRIP = YES;
				DEBUG_INFORMATION_FORMAT = "dwarf-with-dsym";
				GCC_ENABLE_FIX_AND_CONTINUE = NO;
				GCC_MODEL_TUNING = G5;
				GCC_PRECOMPILE_PREFIX_HEADER = YES;
				GCC_PREFIX_HEADER = "$(SYSTEM_LIBRARY_DIR)/Frameworks/AppKit.framework/Headers/AppKit.h";
				INSTALL_PATH = /usr/local/bin;
				OTHER_LDFLAGS = (
					"-framework",
					Foundation,
					"-framework",
					AppKit,
				);
				PREBINDING = NO;
				PRODUCT_NAME = TunHelper;
				ZERO_LINK = NO;
			};
			name = Release;
		};
		C01FCF4B08A954540054247B /* Debug */ = {
			isa = XCBuildConfiguration;
			buildSettings = {
				ALWAYS_SEARCH_USER_PATHS = NO;
				COPY_PHASE_STRIP = NO;
				GCC_DYNAMIC_NO_PIC = NO;
				GCC_ENABLE_FIX_AND_CONTINUE = YES;
				GCC_MODEL_TUNING = G5;
				GCC_OPTIMIZATION_LEVEL = 0;
				GCC_PRECOMPILE_PREFIX_HEADER = YES;
				GCC_PREFIX_HEADER = n2n_Prefix.pch;
				INFOPLIST_FILE = Info.plist;
				INSTALL_PATH = "$(HOME)/Applications";
				PRODUCT_NAME = n2n;
			};
			name = Debug;
		};
		C01FCF4C08A954540054247B /* Release */ = {
			isa = XCBuildConfiguration;
			buildSettings = {
				ALWAYS_SEARCH_USER_PATHS = NO;
				DEBUG_INFORMATION_FORMAT = "dwarf-with-dsym";
				GCC_MODEL_TUNING = G5;
				GCC_PRECOMPILE_PREFIX_HEADER = YES;
				GCC_PREFIX_HEADER = n2n_Prefix.pch;
				INFOPLIST_FILE = Info.plist;
				INSTALL_PATH = "$(HOME)/Applications";
				PRODUCT_NAME = n2n;
			};
			name = Release;
		};
		C01FCF4F08A954540054247B /* Debug */ = {
			isa = XCBuildConfiguration;
			buildSettings = {
				ARCHS = "$(ARCHS_STANDARD_32_64_BIT)";
				GCC_C_LANGUAGE_STANDARD = c99;
				GCC_OPTIMIZATION_LEVEL = 0;
				GCC_WARN_ABOUT_RETURN_TYPE = YES;
				GCC_WARN_UNUSED_VARIABLE = YES;
				ONLY_ACTIVE_ARCH = YES;
				OTHER_CFLAGS = "-DBUILD_FRONTEND=1";
				PREBINDING = NO;
				SDKROOT = macosx10.5;
				USER_HEADER_SEARCH_PATHS = ../;
			};
			name = Debug;
		};
		C01FCF5008A954540054247B /* Release */ = {
			isa = XCBuildConfiguration;
			buildSettings = {
				ARCHS = "$(ARCHS_STANDARD_32_BIT)";
				GCC_C_LANGUAGE_STANDARD = c99;
				GCC_WARN_ABOUT_RETURN_TYPE = YES;
				GCC_WARN_UNUSED_VARIABLE = YES;
				PREBINDING = NO;
				SDKROOT = macosx10.5;
			};
			name = Release;
		};
/* End XCBuildConfiguration section */

/* Begin XCConfigurationList section */
		27D18885107C98B1001F2B3F /* Build configuration list for PBXNativeTarget "TunHelper" */ = {
			isa = XCConfigurationList;
			buildConfigurations = (
				27D1886F107C9871001F2B3F /* Debug */,
				27D18870107C9871001F2B3F /* Release */,
			);
			defaultConfigurationIsVisible = 0;
			defaultConfigurationName = Release;
		};
		C01FCF4A08A954540054247B /* Build configuration list for PBXNativeTarget "n2n" */ = {
			isa = XCConfigurationList;
			buildConfigurations = (
				C01FCF4B08A954540054247B /* Debug */,
				C01FCF4C08A954540054247B /* Release */,
			);
			defaultConfigurationIsVisible = 0;
			defaultConfigurationName = Release;
		};
		C01FCF4E08A954540054247B /* Build configuration list for PBXProject "n2n" */ = {
			isa = XCConfigurationList;
			buildConfigurations = (
				C01FCF4F08A954540054247B /* Debug */,
				C01FCF5008A954540054247B /* Release */,
			);
			defaultConfigurationIsVisible = 0;
			defaultConfigurationName = Release;
		};
/* End XCConfigurationList section */
	};
	rootObject = 29B97313FDCFA39411CA2CEA /* Project object */;
}
